
Microsoft Visual Studio Solution File, Format Version 12.00
# Visual Studio Version 16
VisualStudioVersion = 16.0.29326.143
MinimumVisualStudioVersion = 10.0.40219.1
Project("{FAE04EC0-301F-11D3-BF4B-00C04F79EFBC}") = "ProcessNote", "ProcessNote\ProcessNote.csproj", "{C5F494A1-4757-4172-AAF0-4624C51F0B0E}"
EndProject
Global
	GlobalSection(SolutionConfigurationPlatforms) = preSolution
		Debug|Any CPU = Debug|Any CPU
		Release|Any CPU = Release|Any CPU
	EndGlobalSection
	GlobalSection(ProjectConfigurationPlatforms) = postSolution
		{C5F494A1-4757-4172-AAF0-4624C51F0B0E}.Debug|Any CPU.ActiveCfg = Debug|Any CPU
		{C5F494A1-4757-4172-AAF0-4624C51F0B0E}.Debug|Any CPU.Build.0 = Debug|Any CPU
		{C5F494A1-4757-4172-AAF0-4624C51F0B0E}.Release|Any CPU.ActiveCfg = Release|Any CPU
		{C5F494A1-4757-4172-AAF0-4624C51F0B0E}.Release|Any CPU.Build.0 = Release|Any CPU
	EndGlobalSection
	GlobalSection(SolutionProperties) = preSolution
		HideSolutionNode = FALSE
	EndGlobalSection
	GlobalSection(ExtensibilityGlobals) = postSolution
		SolutionGuid = {85441980-85EB-4C16-ABB1-7B75BE1A6AC9}
	EndGlobalSection
EndGlobal
